
Microsoft Visual Studio Solution File, Format Version 12.00
# Visual Studio Version 16
VisualStudioVersion = 16.0.30711.63
MinimumVisualStudioVersion = 10.0.40219.1
Project("{FAE04EC0-301F-11D3-BF4B-00C04F79EFBC}") = "NeoSoft_Application", "NeoSoft_Application\NeoSoft_Application.csproj", "{CF63DD29-4906-4CDF-B4C3-C5F550CFAEC7}"
EndProject
Project("{FAE04EC0-301F-11D3-BF4B-00C04F79EFBC}") = "Neosoft_Application_Entity", "Entity\Neosoft_Application_Entity.csproj", "{AC4974F6-23F6-4FB6-A4F0-538878783857}"
EndProject
Project("{FAE04EC0-301F-11D3-BF4B-00C04F79EFBC}") = "NeoSoft_Application_DataAccess", "NeoSoft_Application_DataAccess\NeoSoft_Application_DataAccess.csproj", "{313302AF-D948-4F88-8EAC-C4C9BB9C89C0}"
EndProject
Global
	GlobalSection(SolutionConfigurationPlatforms) = preSolution
		Debug|Any CPU = Debug|Any CPU
		Release|Any CPU = Release|Any CPU
	EndGlobalSection
	GlobalSection(ProjectConfigurationPlatforms) = postSolution
		{CF63DD29-4906-4CDF-B4C3-C5F550CFAEC7}.Debug|Any CPU.ActiveCfg = Debug|Any CPU
		{CF63DD29-4906-4CDF-B4C3-C5F550CFAEC7}.Debug|Any CPU.Build.0 = Debug|Any CPU
		{CF63DD29-4906-4CDF-B4C3-C5F550CFAEC7}.Release|Any CPU.ActiveCfg = Release|Any CPU
		{CF63DD29-4906-4CDF-B4C3-C5F550CFAEC7}.Release|Any CPU.Build.0 = Release|Any CPU
		{AC4974F6-23F6-4FB6-A4F0-538878783857}.Debug|Any CPU.ActiveCfg = Debug|Any CPU
		{AC4974F6-23F6-4FB6-A4F0-538878783857}.Debug|Any CPU.Build.0 = Debug|Any CPU
		{AC4974F6-23F6-4FB6-A4F0-538878783857}.Release|Any CPU.ActiveCfg = Release|Any CPU
		{AC4974F6-23F6-4FB6-A4F0-538878783857}.Release|Any CPU.Build.0 = Release|Any CPU
		{313302AF-D948-4F88-8EAC-C4C9BB9C89C0}.Debug|Any CPU.ActiveCfg = Debug|Any CPU
		{313302AF-D948-4F88-8EAC-C4C9BB9C89C0}.Debug|Any CPU.Build.0 = Debug|Any CPU
		{313302AF-D948-4F88-8EAC-C4C9BB9C89C0}.Release|Any CPU.ActiveCfg = Release|Any CPU
		{313302AF-D948-4F88-8EAC-C4C9BB9C89C0}.Release|Any CPU.Build.0 = Release|Any CPU
	EndGlobalSection
	GlobalSection(SolutionProperties) = preSolution
		HideSolutionNode = FALSE
	EndGlobalSection
	GlobalSection(ExtensibilityGlobals) = postSolution
		SolutionGuid = {D7E104FC-A262-4FEA-9F3A-DECEC286E4D8}
	EndGlobalSection
EndGlobal
